
Microsoft Visual Studio Solution File, Format Version 12.00
# Visual Studio Version 17
VisualStudioVersion = 17.1.32421.90
MinimumVisualStudioVersion = 10.0.40219.1
Project("{FAE04EC0-301F-11D3-BF4B-00C04F79EFBC}") = "CheckBoxListRazorPagesApp", "CheckBoxListRazorPagesApp\CheckBoxListRazorPagesApp.csproj", "{92F3C3EB-3989-4B0A-9690-35E8D063649B}"
EndProject
Global
	GlobalSection(SolutionConfigurationPlatforms) = preSolution
		Debug|Any CPU = Debug|Any CPU
		Release|Any CPU = Release|Any CPU
	EndGlobalSection
	GlobalSection(ProjectConfigurationPlatforms) = postSolution
		{92F3C3EB-3989-4B0A-9690-35E8D063649B}.Debug|Any CPU.ActiveCfg = Debug|Any CPU
		{92F3C3EB-3989-4B0A-9690-35E8D063649B}.Debug|Any CPU.Build.0 = Debug|Any CPU
		{92F3C3EB-3989-4B0A-9690-35E8D063649B}.Release|Any CPU.ActiveCfg = Release|Any CPU
		{92F3C3EB-3989-4B0A-9690-35E8D063649B}.Release|Any CPU.Build.0 = Release|Any CPU
	EndGlobalSection
	GlobalSection(SolutionProperties) = preSolution
		HideSolutionNode = FALSE
	EndGlobalSection
	GlobalSection(ExtensibilityGlobals) = postSolution
		SolutionGuid = {269D26A1-61F3-4791-8FBF-11B073EC34EE}
	EndGlobalSection
EndGlobal
